
Microsoft Visual Studio Solution File, Format Version 12.00
# Visual Studio Version 17
VisualStudioVersion = 17.11.35312.102
MinimumVisualStudioVersion = 10.0.40219.1
Project("{FAE04EC0-301F-11D3-BF4B-00C04F79EFBC}") = "asp_empty", "asp_empty\asp_empty.csproj", "{144B28DA-36A8-41F5-8A06-03C2168EDE48}"
EndProject
Global
	GlobalSection(SolutionConfigurationPlatforms) = preSolution
		Debug|Any CPU = Debug|Any CPU
		Release|Any CPU = Release|Any CPU
	EndGlobalSection
	GlobalSection(ProjectConfigurationPlatforms) = postSolution
		{144B28DA-36A8-41F5-8A06-03C2168EDE48}.Debug|Any CPU.ActiveCfg = Debug|Any CPU
		{144B28DA-36A8-41F5-8A06-03C2168EDE48}.Debug|Any CPU.Build.0 = Debug|Any CPU
		{144B28DA-36A8-41F5-8A06-03C2168EDE48}.Release|Any CPU.ActiveCfg = Release|Any CPU
		{144B28DA-36A8-41F5-8A06-03C2168EDE48}.Release|Any CPU.Build.0 = Release|Any CPU
	EndGlobalSection
	GlobalSection(SolutionProperties) = preSolution
		HideSolutionNode = FALSE
	EndGlobalSection
	GlobalSection(ExtensibilityGlobals) = postSolution
		SolutionGuid = {AB230CE5-FCB9-416B-9D78-8616D665AE88}
	EndGlobalSection
EndGlobal
